
Microsoft Visual Studio Solution File, Format Version 12.00
# Visual Studio Version 17
VisualStudioVersion = 17.5.33516.290
MinimumVisualStudioVersion = 10.0.40219.1
Project("{FAE04EC0-301F-11D3-BF4B-00C04F79EFBC}") = "Interview", "Interview\Interview.csproj", "{7C8BDE24-89A6-4105-986D-3BF9BDF795E5}"
EndProject
Global
	GlobalSection(SolutionConfigurationPlatforms) = preSolution
		Debug|Any CPU = Debug|Any CPU
		Release|Any CPU = Release|Any CPU
	EndGlobalSection
	GlobalSection(ProjectConfigurationPlatforms) = postSolution
		{7C8BDE24-89A6-4105-986D-3BF9BDF795E5}.Debug|Any CPU.ActiveCfg = Debug|Any CPU
		{7C8BDE24-89A6-4105-986D-3BF9BDF795E5}.Debug|Any CPU.Build.0 = Debug|Any CPU
		{7C8BDE24-89A6-4105-986D-3BF9BDF795E5}.Release|Any CPU.ActiveCfg = Release|Any CPU
		{7C8BDE24-89A6-4105-986D-3BF9BDF795E5}.Release|Any CPU.Build.0 = Release|Any CPU
	EndGlobalSection
	GlobalSection(SolutionProperties) = preSolution
		HideSolutionNode = FALSE
	EndGlobalSection
	GlobalSection(ExtensibilityGlobals) = postSolution
		SolutionGuid = {1BC36788-5792-4FA8-9B3B-62956CE1ACB6}
	EndGlobalSection
EndGlobal
